// !$*UTF8*$!
{
	archiveVersion = 1;
	classes = {
	};
	objectVersion = 46;
	objects = {

/* Begin PBXBuildFile section */
		BE0E5C68198CA26700395741 /* AppDelegate.swift in Sources */ = {isa = PBXBuildFile; fileRef = BE0E5C67198CA26700395741 /* AppDelegate.swift */; };
		BE0E5C6B198CA26700395741 /* ThreadsExperiment.xcdatamodeld in Sources */ = {isa = PBXBuildFile; fileRef = BE0E5C69198CA26700395741 /* ThreadsExperiment.xcdatamodeld */; };
		BE0E5C6D198CA26700395741 /* ViewController.swift in Sources */ = {isa = PBXBuildFile; fileRef = BE0E5C6C198CA26700395741 /* ViewController.swift */; };
		BE0E5C70198CA26700395741 /* Main.storyboard in Resources */ = {isa = PBXBuildFile; fileRef = BE0E5C6E198CA26700395741 /* Main.storyboard */; };
		BE0E5C72198CA26700395741 /* Images.xcassets in Resources */ = {isa = PBXBuildFile; fileRef = BE0E5C71198CA26700395741 /* Images.xcassets */; };
		BE0E5C7E198CA26700395741 /* ThreadsExperimentTests.swift in Sources */ = {isa = PBXBuildFile; fileRef = BE0E5C7D198CA26700395741 /* ThreadsExperimentTests.swift */; };
		BE0E5C8B198CD7F400395741 /* GrayScottSolver.swift in Sources */ = {isa = PBXBuildFile; fileRef = BE0E5C8A198CD7F400395741 /* GrayScottSolver.swift */; };
		BE623416198D524000C0A592 /* CGFloatExtension.swift in Sources */ = {isa = PBXBuildFile; fileRef = BE623415198D524000C0A592 /* CGFloatExtension.swift */; };
/* End PBXBuildFile section */

/* Begin PBXContainerItemProxy section */
		BE0E5C78198CA26700395741 /* PBXContainerItemProxy */ = {
			isa = PBXContainerItemProxy;
			containerPortal = BE0E5C5A198CA26700395741 /* Project object */;
			proxyType = 1;
			remoteGlobalIDString = BE0E5C61198CA26700395741;
			remoteInfo = ThreadsExperiment;
		};
/* End PBXContainerItemProxy section */

/* Begin PBXFileReference section */
		BE0E5C62198CA26700395741 /* ThreadsExperiment.app */ = {isa = PBXFileReference; explicitFileType = wrapper.application; includeInIndex = 0; path = ThreadsExperiment.app; sourceTree = BUILT_PRODUCTS_DIR; };
		BE0E5C66198CA26700395741 /* Info.plist */ = {isa = PBXFileReference; lastKnownFileType = text.plist.xml; path = Info.plist; sourceTree = "<group>"; };
		BE0E5C67198CA26700395741 /* AppDelegate.swift */ = {isa = PBXFileReference; lastKnownFileType = sourcecode.swift; path = AppDelegate.swift; sourceTree = "<group>"; };
		BE0E5C6A198CA26700395741 /* ThreadsExperiment.xcdatamodel */ = {isa = PBXFileReference; lastKnownFileType = wrapper.xcdatamodel; path = ThreadsExperiment.xcdatamodel; sourceTree = "<group>"; };
		BE0E5C6C198CA26700395741 /* ViewController.swift */ = {isa = PBXFileReference; lastKnownFileType = sourcecode.swift; path = ViewController.swift; sourceTree = "<group>"; };
		BE0E5C6F198CA26700395741 /* Base */ = {isa = PBXFileReference; lastKnownFileType = file.storyboard; name = Base; path = Base.lproj/Main.storyboard; sourceTree = "<group>"; };
		BE0E5C71198CA26700395741 /* Images.xcassets */ = {isa = PBXFileReference; lastKnownFileType = folder.assetcatalog; path = Images.xcassets; sourceTree = "<group>"; };
		BE0E5C77198CA26700395741 /* ThreadsExperimentTests.xctest */ = {isa = PBXFileReference; explicitFileType = wrapper.cfbundle; includeInIndex = 0; path = ThreadsExperimentTests.xctest; sourceTree = BUILT_PRODUCTS_DIR; };
		BE0E5C7C198CA26700395741 /* Info.plist */ = {isa = PBXFileReference; lastKnownFileType = text.plist.xml; path = Info.plist; sourceTree = "<group>"; };
		BE0E5C7D198CA26700395741 /* ThreadsExperimentTests.swift */ = {isa = PBXFileReference; lastKnownFileType = sourcecode.swift; path = ThreadsExperimentTests.swift; sourceTree = "<group>"; };
		BE0E5C8A198CD7F400395741 /* GrayScottSolver.swift */ = {isa = PBXFileReference; fileEncoding = 4; lastKnownFileType = sourcecode.swift; path = GrayScottSolver.swift; sourceTree = "<group>"; };
		BE623415198D524000C0A592 /* CGFloatExtension.swift */ = {isa = PBXFileReference; fileEncoding = 4; lastKnownFileType = sourcecode.swift; path = CGFloatExtension.swift; sourceTree = "<group>"; };
/* End PBXFileReference section */

/* Begin PBXFrameworksBuildPhase section */
		BE0E5C5F198CA26700395741 /* Frameworks */ = {
			isa = PBXFrameworksBuildPhase;
			buildActionMask = 2147483647;
			files = (
			);
			runOnlyForDeploymentPostprocessing = 0;
		};
		BE0E5C74198CA26700395741 /* Frameworks */ = {
			isa = PBXFrameworksBuildPhase;
			buildActionMask = 2147483647;
			files = (
			);
			runOnlyForDeploymentPostprocessing = 0;
		};
/* End PBXFrameworksBuildPhase section */

/* Begin PBXGroup section */
		BE0E5C59198CA26700395741 = {
			isa = PBXGroup;
			children = (
				BE0E5C64198CA26700395741 /* ThreadsExperiment */,
				BE0E5C7A198CA26700395741 /* ThreadsExperimentTests */,
				BE0E5C63198CA26700395741 /* Products */,
			);
			sourceTree = "<group>";
		};
		BE0E5C63198CA26700395741 /* Products */ = {
			isa = PBXGroup;
			children = (
				BE0E5C62198CA26700395741 /* ThreadsExperiment.app */,
				BE0E5C77198CA26700395741 /* ThreadsExperimentTests.xctest */,
			);
			name = Products;
			sourceTree = "<group>";
		};
		BE0E5C64198CA26700395741 /* ThreadsExperiment */ = {
			isa = PBXGroup;
			children = (
				BE623414198D522D00C0A592 /* extensions */,
				BE0E5C89198CD7B200395741 /* grayScottOperations */,
				BE0E5C67198CA26700395741 /* AppDelegate.swift */,
				BE0E5C6C198CA26700395741 /* ViewController.swift */,
				BE0E5C6E198CA26700395741 /* Main.storyboard */,
				BE0E5C71198CA26700395741 /* Images.xcassets */,
				BE0E5C69198CA26700395741 /* ThreadsExperiment.xcdatamodeld */,
				BE0E5C65198CA26700395741 /* Supporting Files */,
			);
			path = ThreadsExperiment;
			sourceTree = "<group>";
		};
		BE0E5C65198CA26700395741 /* Supporting Files */ = {
			isa = PBXGroup;
			children = (
				BE0E5C66198CA26700395741 /* Info.plist */,
			);
			name = "Supporting Files";
			sourceTree = "<group>";
		};
		BE0E5C7A198CA26700395741 /* ThreadsExperimentTests */ = {
			isa = PBXGroup;
			children = (
				BE0E5C7D198CA26700395741 /* ThreadsExperimentTests.swift */,
				BE0E5C7B198CA26700395741 /* Supporting Files */,
			);
			path = ThreadsExperimentTests;
			sourceTree = "<group>";
		};
		BE0E5C7B198CA26700395741 /* Supporting Files */ = {
			isa = PBXGroup;
			children = (
				BE0E5C7C198CA26700395741 /* Info.plist */,
			);
			name = "Supporting Files";
			sourceTree = "<group>";
		};
		BE0E5C89198CD7B200395741 /* grayScottOperations */ = {
			isa = PBXGroup;
			children = (
				BE0E5C8A198CD7F400395741 /* GrayScottSolver.swift */,
			);
			name = grayScottOperations;
			sourceTree = "<group>";
		};
		BE623414198D522D00C0A592 /* extensions */ = {
			isa = PBXGroup;
			children = (
				BE623415198D524000C0A592 /* CGFloatExtension.swift */,
			);
			name = extensions;
			sourceTree = "<group>";
		};
/* End PBXGroup section */

/* Begin PBXNativeTarget section */
		BE0E5C61198CA26700395741 /* ThreadsExperiment */ = {
			isa = PBXNativeTarget;
			buildConfigurationList = BE0E5C81198CA26700395741 /* Build configuration list for PBXNativeTarget "ThreadsExperiment" */;
			buildPhases = (
				BE0E5C5E198CA26700395741 /* Sources */,
				BE0E5C5F198CA26700395741 /* Frameworks */,
				BE0E5C60198CA26700395741 /* Resources */,
			);
			buildRules = (
			);
			dependencies = (
			);
			name = ThreadsExperiment;
			productName = ThreadsExperiment;
			productReference = BE0E5C62198CA26700395741 /* ThreadsExperiment.app */;
			productType = "com.apple.product-type.application";
		};
		BE0E5C76198CA26700395741 /* ThreadsExperimentTests */ = {
			isa = PBXNativeTarget;
			buildConfigurationList = BE0E5C84198CA26700395741 /* Build configuration list for PBXNativeTarget "ThreadsExperimentTests" */;
			buildPhases = (
				BE0E5C73198CA26700395741 /* Sources */,
				BE0E5C74198CA26700395741 /* Frameworks */,
				BE0E5C75198CA26700395741 /* Resources */,
			);
			buildRules = (
			);
			dependencies = (
				BE0E5C79198CA26700395741 /* PBXTargetDependency */,
			);
			name = ThreadsExperimentTests;
			productName = ThreadsExperimentTests;
			productReference = BE0E5C77198CA26700395741 /* ThreadsExperimentTests.xctest */;
			productType = "com.apple.product-type.bundle.unit-test";
		};
/* End PBXNativeTarget section */

/* Begin PBXProject section */
		BE0E5C5A198CA26700395741 /* Project object */ = {
			isa = PBXProject;
			attributes = {
				LastUpgradeCheck = 0600;
				ORGANIZATIONNAME = "Simon Gladman";
				TargetAttributes = {
					BE0E5C61198CA26700395741 = {
						CreatedOnToolsVersion = 6.0;
					};
					BE0E5C76198CA26700395741 = {
						CreatedOnToolsVersion = 6.0;
						TestTargetID = BE0E5C61198CA26700395741;
					};
				};
			};
			buildConfigurationList = BE0E5C5D198CA26700395741 /* Build configuration list for PBXProject "ThreadsExperiment" */;
			compatibilityVersion = "Xcode 3.2";
			developmentRegion = English;
			hasScannedForEncodings = 0;
			knownRegions = (
				en,
				Base,
			);
			mainGroup = BE0E5C59198CA26700395741;
			productRefGroup = BE0E5C63198CA26700395741 /* Products */;
			projectDirPath = "";
			projectRoot = "";
			targets = (
				BE0E5C61198CA26700395741 /* ThreadsExperiment */,
				BE0E5C76198CA26700395741 /* ThreadsExperimentTests */,
			);
		};
/* End PBXProject section */

/* Begin PBXResourcesBuildPhase section */
		BE0E5C60198CA26700395741 /* Resources */ = {
			isa = PBXResourcesBuildPhase;
			buildActionMask = 2147483647;
			files = (
				BE0E5C70198CA26700395741 /* Main.storyboard in Resources */,
				BE0E5C72198CA26700395741 /* Images.xcassets in Resources */,
			);
			runOnlyForDeploymentPostprocessing = 0;
		};
		BE0E5C75198CA26700395741 /* Resources */ = {
			isa = PBXResourcesBuildPhase;
			buildActionMask = 2147483647;
			files = (
			);
			runOnlyForDeploymentPostprocessing = 0;
		};
/* End PBXResourcesBuildPhase section */

/* Begin PBXSourcesBuildPhase section */
		BE0E5C5E198CA26700395741 /* Sources */ = {
			isa = PBXSourcesBuildPhase;
			buildActionMask = 2147483647;
			files = (
				BE0E5C6D198CA26700395741 /* ViewController.swift in Sources */,
				BE623416198D524000C0A592 /* CGFloatExtension.swift in Sources */,
				BE0E5C6B198CA26700395741 /* ThreadsExperiment.xcdatamodeld in Sources */,
				BE0E5C68198CA26700395741 /* AppDelegate.swift in Sources */,
				BE0E5C8B198CD7F400395741 /* GrayScottSolver.swift in Sources */,
			);
			runOnlyForDeploymentPostprocessing = 0;
		};
		BE0E5C73198CA26700395741 /* Sources */ = {
			isa = PBXSourcesBuildPhase;
			buildActionMask = 2147483647;
			files = (
				BE0E5C7E198CA26700395741 /* ThreadsExperimentTests.swift in Sources */,
			);
			runOnlyForDeploymentPostprocessing = 0;
		};
/* End PBXSourcesBuildPhase section */

/* Begin PBXTargetDependency section */
		BE0E5C79198CA26700395741 /* PBXTargetDependency */ = {
			isa = PBXTargetDependency;
			target = BE0E5C61198CA26700395741 /* ThreadsExperiment */;
			targetProxy = BE0E5C78198CA26700395741 /* PBXContainerItemProxy */;
		};
/* End PBXTargetDependency section */

/* Begin PBXVariantGroup section */
		BE0E5C6E198CA26700395741 /* Main.storyboard */ = {
			isa = PBXVariantGroup;
			children = (
				BE0E5C6F198CA26700395741 /* Base */,
			);
			name = Main.storyboard;
			sourceTree = "<group>";
		};
/* End PBXVariantGroup section */

/* Begin XCBuildConfiguration section */
		BE0E5C7F198CA26700395741 /* Debug */ = {
			isa = XCBuildConfiguration;
			buildSettings = {
				ALWAYS_SEARCH_USER_PATHS = NO;
				CLANG_CXX_LANGUAGE_STANDARD = "gnu++0x";
				CLANG_CXX_LIBRARY = "libc++";
				CLANG_ENABLE_MODULES = YES;
				CLANG_ENABLE_OBJC_ARC = YES;
				CLANG_WARN_BOOL_CONVERSION = YES;
				CLANG_WARN_CONSTANT_CONVERSION = YES;
				CLANG_WARN_DIRECT_OBJC_ISA_USAGE = YES_ERROR;
				CLANG_WARN_EMPTY_BODY = YES;
				CLANG_WARN_ENUM_CONVERSION = YES;
				CLANG_WARN_INT_CONVERSION = YES;
				CLANG_WARN_OBJC_ROOT_CLASS = YES_ERROR;
				CLANG_WARN_UNREACHABLE_CODE = YES;
				CLANG_WARN__DUPLICATE_METHOD_MATCH = YES;
				"CODE_SIGN_IDENTITY[sdk=iphoneos*]" = "iPhone Developer";
				COPY_PHASE_STRIP = NO;
				ENABLE_STRICT_OBJC_MSGSEND = YES;
				GCC_C_LANGUAGE_STANDARD = gnu99;
				GCC_DYNAMIC_NO_PIC = NO;
				GCC_OPTIMIZATION_LEVEL = 0;
				GCC_PREPROCESSOR_DEFINITIONS = (
					"DEBUG=1",
					"$(inherited)",
				);
				GCC_SYMBOLS_PRIVATE_EXTERN = NO;
				GCC_WARN_64_TO_32_BIT_CONVERSION = YES;
				GCC_WARN_ABOUT_RETURN_TYPE = YES_ERROR;
				GCC_WARN_UNDECLARED_SELECTOR = YES;
				GCC_WARN_UNINITIALIZED_AUTOS = YES_AGGRESSIVE;
				GCC_WARN_UNUSED_FUNCTION = YES;
				GCC_WARN_UNUSED_VARIABLE = YES;
				IPHONEOS_DEPLOYMENT_TARGET = 8.0;
				MTL_ENABLE_DEBUG_INFO = YES;
				ONLY_ACTIVE_ARCH = YES;
				SDKROOT = iphoneos;
				SWIFT_OPTIMIZATION_LEVEL = "-Onone";
				TARGETED_DEVICE_FAMILY = 2;
			};
			name = Debug;
		};
		BE0E5C80198CA26700395741 /* Release */ = {
			isa = XCBuildConfiguration;
			buildSettings = {
				ALWAYS_SEARCH_USER_PATHS = NO;
				CLANG_CXX_LANGUAGE_STANDARD = "gnu++0x";
				CLANG_CXX_LIBRARY = "libc++";
				CLANG_ENABLE_MODULES = YES;
				CLANG_ENABLE_OBJC_ARC = YES;
				CLANG_WARN_BOOL_CONVERSION = YES;
				CLANG_WARN_CONSTANT_CONVERSION = YES;
				CLANG_WARN_DIRECT_OBJC_ISA_USAGE = YES_ERROR;
				CLANG_WARN_EMPTY_BODY = YES;
				CLANG_WARN_ENUM_CONVERSION = YES;
				CLANG_WARN_INT_CONVERSION = YES;
				CLANG_WARN_OBJC_ROOT_CLASS = YES_ERROR;
				CLANG_WARN_UNREACHABLE_CODE = YES;
				CLANG_WARN__DUPLICATE_METHOD_MATCH = YES;
				"CODE_SIGN_IDENTITY[sdk=iphoneos*]" = "iPhone Developer";
				COPY_PHASE_STRIP = YES;
				ENABLE_NS_ASSERTIONS = NO;
				ENABLE_STRICT_OBJC_MSGSEND = YES;
				GCC_C_LANGUAGE_STANDARD = gnu99;
				GCC_WARN_64_TO_32_BIT_CONVERSION = YES;
				GCC_WARN_ABOUT_RETURN_TYPE = YES_ERROR;
				GCC_WARN_UNDECLARED_SELECTOR = YES;
				GCC_WARN_UNINITIALIZED_AUTOS = YES_AGGRESSIVE;
				GCC_WARN_UNUSED_FUNCTION = YES;
				GCC_WARN_UNUSED_VARIABLE = YES;
				IPHONEOS_DEPLOYMENT_TARGET = 8.0;
				MTL_ENABLE_DEBUG_INFO = NO;
				SDKROOT = iphoneos;
				TARGETED_DEVICE_FAMILY = 2;
				VALIDATE_PRODUCT = YES;
			};
			name = Release;
		};
		BE0E5C82198CA26700395741 /* Debug */ = {
			isa = XCBuildConfiguration;
			buildSettings = {
				ASSETCATALOG_COMPILER_APPICON_NAME = AppIcon;
				ASSETCATALOG_COMPILER_LAUNCHIMAGE_NAME = LaunchImage;
				INFOPLIST_FILE = ThreadsExperiment/Info.plist;
				IPHONEOS_DEPLOYMENT_TARGET = 8.0;
				LD_RUNPATH_SEARCH_PATHS = "$(inherited) @executable_path/Frameworks";
				PRODUCT_NAME = "$(TARGET_NAME)";
			};
			name = Debug;
		};
		BE0E5C83198CA26700395741 /* Release */ = {
			isa = XCBuildConfiguration;
			buildSettings = {
				ASSETCATALOG_COMPILER_APPICON_NAME = AppIcon;
				ASSETCATALOG_COMPILER_LAUNCHIMAGE_NAME = LaunchImage;
				INFOPLIST_FILE = ThreadsExperiment/Info.plist;
				IPHONEOS_DEPLOYMENT_TARGET = 8.0;
				LD_RUNPATH_SEARCH_PATHS = "$(inherited) @executable_path/Frameworks";
				PRODUCT_NAME = "$(TARGET_NAME)";
			};
			name = Release;
		};
		BE0E5C85198CA26700395741 /* Debug */ = {
			isa = XCBuildConfiguration;
			buildSettings = {
				BUNDLE_LOADER = "$(BUILT_PRODUCTS_DIR)/ThreadsExperiment.app/ThreadsExperiment";
				FRAMEWORK_SEARCH_PATHS = (
					"$(SDKROOT)/Developer/Library/Frameworks",
					"$(inherited)",
				);
				GCC_PREPROCESSOR_DEFINITIONS = (
					"DEBUG=1",
					"$(inherited)",
				);
				INFOPLIST_FILE = ThreadsExperimentTests/Info.plist;
				LD_RUNPATH_SEARCH_PATHS = "$(inherited) @executable_path/Frameworks @loader_path/Frameworks";
				PRODUCT_NAME = "$(TARGET_NAME)";
				TEST_HOST = "$(BUNDLE_LOADER)";
			};
			name = Debug;
		};
		BE0E5C86198CA26700395741 /* Release */ = {
			isa = XCBuildConfiguration;
			buildSettings = {
				BUNDLE_LOADER = "$(BUILT_PRODUCTS_DIR)/ThreadsExperiment.app/ThreadsExperiment";
				FRAMEWORK_SEARCH_PATHS = (
					"$(SDKROOT)/Developer/Library/Frameworks",
					"$(inherited)",
				);
				INFOPLIST_FILE = ThreadsExperimentTests/Info.plist;
				LD_RUNPATH_SEARCH_PATHS = "$(inherited) @executable_path/Frameworks @loader_path/Frameworks";
				PRODUCT_NAME = "$(TARGET_NAME)";
				TEST_HOST = "$(BUNDLE_LOADER)";
			};
			name = Release;
		};
/* End XCBuildConfiguration section */

/* Begin XCConfigurationList section */
		BE0E5C5D198CA26700395741 /* Build configuration list for PBXProject "ThreadsExperiment" */ = {
			isa = XCConfigurationList;
			buildConfigurations = (
				BE0E5C7F198CA26700395741 /* Debug */,
				BE0E5C80198CA26700395741 /* Release */,
			);
			defaultConfigurationIsVisible = 0;
			defaultConfigurationName = Release;
		};
		BE0E5C81198CA26700395741 /* Build configuration list for PBXNativeTarget "ThreadsExperiment" */ = {
			isa = XCConfigurationList;
			buildConfigurations = (
				BE0E5C82198CA26700395741 /* Debug */,
				BE0E5C83198CA26700395741 /* Release */,
			);
			defaultConfigurationIsVisible = 0;
			defaultConfigurationName = Release;
		};
		BE0E5C84198CA26700395741 /* Build configuration list for PBXNativeTarget "ThreadsExperimentTests" */ = {
			isa = XCConfigurationList;
			buildConfigurations = (
				BE0E5C85198CA26700395741 /* Debug */,
				BE0E5C86198CA26700395741 /* Release */,
			);
			defaultConfigurationIsVisible = 0;
			defaultConfigurationName = Release;
		};
/* End XCConfigurationList section */

/* Begin XCVersionGroup section */
		BE0E5C69198CA26700395741 /* ThreadsExperiment.xcdatamodeld */ = {
			isa = XCVersionGroup;
			children = (
				BE0E5C6A198CA26700395741 /* ThreadsExperiment.xcdatamodel */,
			);
			currentVersion = BE0E5C6A198CA26700395741 /* ThreadsExperiment.xcdatamodel */;
			path = ThreadsExperiment.xcdatamodeld;
			sourceTree = "<group>";
			versionGroupType = wrapper.xcdatamodel;
		};
/* End XCVersionGroup section */
	};
	rootObject = BE0E5C5A198CA26700395741 /* Project object */;
}
